
Microsoft Visual Studio Solution File, Format Version 12.00
# Visual Studio Version 17
VisualStudioVersion = 17.13.35825.156 d17.13
MinimumVisualStudioVersion = 10.0.40219.1
Project("{FAE04EC0-301F-11D3-BF4B-00C04F79EFBC}") = "BlazorMenuComponent", "..\BlazorMenuComponent\BlazorMenuComponent.csproj", "{306D58F8-B0EB-404C-8110-BB88A97EACC0}"
EndProject
Project("{FAE04EC0-301F-11D3-BF4B-00C04F79EFBC}") = "BlazorMenuSampleApp", "..\BlazorMenuSampleApp\BlazorMenuSampleApp.csproj", "{7D2CA60A-B4CB-43AC-B47F-48DB894B72A3}"
EndProject
Global
	GlobalSection(SolutionConfigurationPlatforms) = preSolution
		Debug|Any CPU = Debug|Any CPU
		Release|Any CPU = Release|Any CPU
	EndGlobalSection
	GlobalSection(ProjectConfigurationPlatforms) = postSolution
		{306D58F8-B0EB-404C-8110-BB88A97EACC0}.Debug|Any CPU.ActiveCfg = Debug|Any CPU
		{306D58F8-B0EB-404C-8110-BB88A97EACC0}.Debug|Any CPU.Build.0 = Debug|Any CPU
		{306D58F8-B0EB-404C-8110-BB88A97EACC0}.Release|Any CPU.ActiveCfg = Release|Any CPU
		{306D58F8-B0EB-404C-8110-BB88A97EACC0}.Release|Any CPU.Build.0 = Release|Any CPU
		{7D2CA60A-B4CB-43AC-B47F-48DB894B72A3}.Debug|Any CPU.ActiveCfg = Debug|Any CPU
		{7D2CA60A-B4CB-43AC-B47F-48DB894B72A3}.Debug|Any CPU.Build.0 = Debug|Any CPU
		{7D2CA60A-B4CB-43AC-B47F-48DB894B72A3}.Release|Any CPU.ActiveCfg = Release|Any CPU
		{7D2CA60A-B4CB-43AC-B47F-48DB894B72A3}.Release|Any CPU.Build.0 = Release|Any CPU
	EndGlobalSection
	GlobalSection(SolutionProperties) = preSolution
		HideSolutionNode = FALSE
	EndGlobalSection
	GlobalSection(ExtensibilityGlobals) = postSolution
		SolutionGuid = {B57CC6B3-7CB5-4D69-AF82-A2C501A3540C}
	EndGlobalSection
EndGlobal
